
Microsoft Visual Studio Solution File, Format Version 12.00
# Visual Studio Version 17
VisualStudioVersion = 17.14.37012.4 d17.14
MinimumVisualStudioVersion = 10.0.40219.1
Project("{FAE04EC0-301F-11D3-BF4B-00C04F79EFBC}") = "SpeechProject", "SpeechProject\SpeechProject.csproj", "{44B20FF0-87F0-4E15-8F2A-6F9EBCDEB17B}"
EndProject
Global
	GlobalSection(SolutionConfigurationPlatforms) = preSolution
		Debug|Any CPU = Debug|Any CPU
		Release|Any CPU = Release|Any CPU
	EndGlobalSection
	GlobalSection(ProjectConfigurationPlatforms) = postSolution
		{44B20FF0-87F0-4E15-8F2A-6F9EBCDEB17B}.Debug|Any CPU.ActiveCfg = Debug|Any CPU
		{44B20FF0-87F0-4E15-8F2A-6F9EBCDEB17B}.Debug|Any CPU.Build.0 = Debug|Any CPU
		{44B20FF0-87F0-4E15-8F2A-6F9EBCDEB17B}.Release|Any CPU.ActiveCfg = Release|Any CPU
		{44B20FF0-87F0-4E15-8F2A-6F9EBCDEB17B}.Release|Any CPU.Build.0 = Release|Any CPU
	EndGlobalSection
	GlobalSection(SolutionProperties) = preSolution
		HideSolutionNode = FALSE
	EndGlobalSection
	GlobalSection(ExtensibilityGlobals) = postSolution
		SolutionGuid = {24E339D4-3DCE-4CCB-9F6C-85EF95C28D17}
	EndGlobalSection
EndGlobal
